
Microsoft Visual Studio Solution File, Format Version 12.00
# Visual Studio Version 17
VisualStudioVersion = 17.10.35027.167
MinimumVisualStudioVersion = 10.0.40219.1
Project("{9A19103F-16F7-4668-BE54-9A1E7A4F7556}") = "ControleDeCinema.WebApp", "ControleDeCinema.WebApp\ControleDeCinema.WebApp.csproj", "{6F421CD0-FE21-4AF3-942F-C51CEEC48846}"
EndProject
Project("{2150E333-8FDC-42A3-9474-1A3956D46DE8}") = "1.Apresentacao", "1.Apresentacao", "{13EABFC9-AF4B-43D6-816D-ACB61C16FC73}"
EndProject
Project("{2150E333-8FDC-42A3-9474-1A3956D46DE8}") = "2.Dominio", "2.Dominio", "{BB6DB4F8-0ADD-42EB-98CB-534A9526BC94}"
EndProject
Project("{2150E333-8FDC-42A3-9474-1A3956D46DE8}") = "3.Infraestrutura", "3.Infraestrutura", "{501024E8-3906-4FA4-AF65-B34C10A49173}"
EndProject
Project("{2150E333-8FDC-42A3-9474-1A3956D46DE8}") = "4.Testes", "4.Testes", "{99B24AA4-AA29-41F8-9558-DF13BD3D83A8}"
EndProject
Project("{2150E333-8FDC-42A3-9474-1A3956D46DE8}") = "3.1.Orm", "3.1.Orm", "{C0A87E22-D52A-45D8-98DA-4B775676A056}"
EndProject
Project("{2150E333-8FDC-42A3-9474-1A3956D46DE8}") = "4.1.Integracao", "4.1.Integracao", "{A39DEDC4-CA4F-44B1-9C38-A90378999642}"
EndProject
Project("{2150E333-8FDC-42A3-9474-1A3956D46DE8}") = "4.2.Unidade", "4.2.Unidade", "{90FE9494-C41C-43AA-8746-8A60DBA018CA}"
EndProject
Project("{9A19103F-16F7-4668-BE54-9A1E7A4F7556}") = "ControleDeCinema.Dominio", "ControleDeCinema.Dominio\ControleDeCinema.Dominio.csproj", "{0285165A-20B7-4925-9022-A788983F76A6}"
EndProject
Project("{FAE04EC0-301F-11D3-BF4B-00C04F79EFBC}") = "ControleDeCinema.Infra.Orm", "ControleDeCinema.Infra.Orm\ControleDeCinema.Infra.Orm.csproj", "{EE973045-BDEA-4D48-AE7E-982AFA15FD64}"
EndProject
Global
	GlobalSection(SolutionConfigurationPlatforms) = preSolution
		Debug|Any CPU = Debug|Any CPU
		Release|Any CPU = Release|Any CPU
	EndGlobalSection
	GlobalSection(ProjectConfigurationPlatforms) = postSolution
		{6F421CD0-FE21-4AF3-942F-C51CEEC48846}.Debug|Any CPU.ActiveCfg = Debug|Any CPU
		{6F421CD0-FE21-4AF3-942F-C51CEEC48846}.Debug|Any CPU.Build.0 = Debug|Any CPU
		{6F421CD0-FE21-4AF3-942F-C51CEEC48846}.Release|Any CPU.ActiveCfg = Release|Any CPU
		{6F421CD0-FE21-4AF3-942F-C51CEEC48846}.Release|Any CPU.Build.0 = Release|Any CPU
		{0285165A-20B7-4925-9022-A788983F76A6}.Debug|Any CPU.ActiveCfg = Debug|Any CPU
		{0285165A-20B7-4925-9022-A788983F76A6}.Debug|Any CPU.Build.0 = Debug|Any CPU
		{0285165A-20B7-4925-9022-A788983F76A6}.Release|Any CPU.ActiveCfg = Release|Any CPU
		{0285165A-20B7-4925-9022-A788983F76A6}.Release|Any CPU.Build.0 = Release|Any CPU
		{EE973045-BDEA-4D48-AE7E-982AFA15FD64}.Debug|Any CPU.ActiveCfg = Debug|Any CPU
		{EE973045-BDEA-4D48-AE7E-982AFA15FD64}.Debug|Any CPU.Build.0 = Debug|Any CPU
		{EE973045-BDEA-4D48-AE7E-982AFA15FD64}.Release|Any CPU.ActiveCfg = Release|Any CPU
		{EE973045-BDEA-4D48-AE7E-982AFA15FD64}.Release|Any CPU.Build.0 = Release|Any CPU
	EndGlobalSection
	GlobalSection(SolutionProperties) = preSolution
		HideSolutionNode = FALSE
	EndGlobalSection
	GlobalSection(NestedProjects) = preSolution
		{6F421CD0-FE21-4AF3-942F-C51CEEC48846} = {13EABFC9-AF4B-43D6-816D-ACB61C16FC73}
		{C0A87E22-D52A-45D8-98DA-4B775676A056} = {501024E8-3906-4FA4-AF65-B34C10A49173}
		{A39DEDC4-CA4F-44B1-9C38-A90378999642} = {99B24AA4-AA29-41F8-9558-DF13BD3D83A8}
		{90FE9494-C41C-43AA-8746-8A60DBA018CA} = {99B24AA4-AA29-41F8-9558-DF13BD3D83A8}
		{0285165A-20B7-4925-9022-A788983F76A6} = {BB6DB4F8-0ADD-42EB-98CB-534A9526BC94}
		{EE973045-BDEA-4D48-AE7E-982AFA15FD64} = {C0A87E22-D52A-45D8-98DA-4B775676A056}
	EndGlobalSection
	GlobalSection(ExtensibilityGlobals) = postSolution
		SolutionGuid = {A74E63A5-2A9C-4715-B73F-CAAF625FCCC2}
	EndGlobalSection
EndGlobal
